
Microsoft Visual Studio Solution File, Format Version 12.00
# Visual Studio Version 16
VisualStudioVersion = 16.0.30128.74
MinimumVisualStudioVersion = 10.0.40219.1
Project("{FAE04EC0-301F-11D3-BF4B-00C04F79EFBC}") = "IronSoftware.IronPdfConsoleFrameworkSamples", "IronSoftware.IronPdfConsoleFrameworkSamples\IronSoftware.IronPdfConsoleFrameworkSamples.csproj", "{F709BF09-4C83-430F-8087-D65A8BE9475E}"
EndProject
Project("{9A19103F-16F7-4668-BE54-9A1E7A4F7556}") = "IronSoftware.IronPdfConsoleDotNetCoreSamples", "IronSoftware.IronPdfConsoleDotNetCoreSamples\IronSoftware.IronPdfConsoleDotNetCoreSamples.csproj", "{199BAD8F-DB93-4965-99B2-BB2A1D1C3D60}"
EndProject
Project("{FAE04EC0-301F-11D3-BF4B-00C04F79EFBC}") = "IronSoftware.IronPdfWebFormsSamples", "IronSoftware.IronPdfWebFormsSamples\IronSoftware.IronPdfWebFormsSamples.csproj", "{26B3B1BA-0690-47DC-84CB-1E610F68C79F}"
EndProject
Global
	GlobalSection(SolutionConfigurationPlatforms) = preSolution
		Debug|Any CPU = Debug|Any CPU
		Release|Any CPU = Release|Any CPU
	EndGlobalSection
	GlobalSection(ProjectConfigurationPlatforms) = postSolution
		{F709BF09-4C83-430F-8087-D65A8BE9475E}.Debug|Any CPU.ActiveCfg = Debug|Any CPU
		{F709BF09-4C83-430F-8087-D65A8BE9475E}.Debug|Any CPU.Build.0 = Debug|Any CPU
		{F709BF09-4C83-430F-8087-D65A8BE9475E}.Release|Any CPU.ActiveCfg = Release|Any CPU
		{F709BF09-4C83-430F-8087-D65A8BE9475E}.Release|Any CPU.Build.0 = Release|Any CPU
		{199BAD8F-DB93-4965-99B2-BB2A1D1C3D60}.Debug|Any CPU.ActiveCfg = Debug|Any CPU
		{199BAD8F-DB93-4965-99B2-BB2A1D1C3D60}.Debug|Any CPU.Build.0 = Debug|Any CPU
		{199BAD8F-DB93-4965-99B2-BB2A1D1C3D60}.Release|Any CPU.ActiveCfg = Release|Any CPU
		{199BAD8F-DB93-4965-99B2-BB2A1D1C3D60}.Release|Any CPU.Build.0 = Release|Any CPU
		{26B3B1BA-0690-47DC-84CB-1E610F68C79F}.Debug|Any CPU.ActiveCfg = Debug|Any CPU
		{26B3B1BA-0690-47DC-84CB-1E610F68C79F}.Debug|Any CPU.Build.0 = Debug|Any CPU
		{26B3B1BA-0690-47DC-84CB-1E610F68C79F}.Release|Any CPU.ActiveCfg = Release|Any CPU
		{26B3B1BA-0690-47DC-84CB-1E610F68C79F}.Release|Any CPU.Build.0 = Release|Any CPU
	EndGlobalSection
	GlobalSection(SolutionProperties) = preSolution
		HideSolutionNode = FALSE
	EndGlobalSection
	GlobalSection(ExtensibilityGlobals) = postSolution
		SolutionGuid = {E9518089-DC53-4BC4-8256-F990E9FD6F17}
	EndGlobalSection
EndGlobal
