
Microsoft Visual Studio Solution File, Format Version 12.00
# Visual Studio Version 17
VisualStudioVersion = 17.0.31611.283
MinimumVisualStudioVersion = 10.0.40219.1
Project("{9A19103F-16F7-4668-BE54-9A1E7A4F7556}") = "IronPdf.Android.Client", "IronPdf.Android.Client\IronPdf.Android.Client.csproj", "{4282D107-FFEB-4CAC-8A8F-1D4AC066E030}"
EndProject
Project("{9A19103F-16F7-4668-BE54-9A1E7A4F7556}") = "IronPdf.Android.Server", "IronPdf.Android.Server\IronPdf.Android.Server.csproj", "{A8CA0B9F-CE65-41CE-841B-E9EE8264CA50}"
EndProject
Global
	GlobalSection(SolutionConfigurationPlatforms) = preSolution
		Debug|Any CPU = Debug|Any CPU
		Debug-Pkg|Any CPU = Debug-Pkg|Any CPU
		Debug-Remote|Any CPU = Debug-Remote|Any CPU
		Release|Any CPU = Release|Any CPU
		Release-Pkg|Any CPU = Release-Pkg|Any CPU
		Release-Remote|Any CPU = Release-Remote|Any CPU
	EndGlobalSection
	GlobalSection(ProjectConfigurationPlatforms) = postSolution
		{4282D107-FFEB-4CAC-8A8F-1D4AC066E030}.Debug|Any CPU.ActiveCfg = Debug|Any CPU
		{4282D107-FFEB-4CAC-8A8F-1D4AC066E030}.Debug|Any CPU.Build.0 = Debug|Any CPU
		{4282D107-FFEB-4CAC-8A8F-1D4AC066E030}.Debug|Any CPU.Deploy.0 = Debug|Any CPU
		{4282D107-FFEB-4CAC-8A8F-1D4AC066E030}.Debug-Pkg|Any CPU.ActiveCfg = Debug|Any CPU
		{4282D107-FFEB-4CAC-8A8F-1D4AC066E030}.Debug-Pkg|Any CPU.Build.0 = Debug|Any CPU
		{4282D107-FFEB-4CAC-8A8F-1D4AC066E030}.Debug-Pkg|Any CPU.Deploy.0 = Debug|Any CPU
		{4282D107-FFEB-4CAC-8A8F-1D4AC066E030}.Debug-Remote|Any CPU.ActiveCfg = Debug|Any CPU
		{4282D107-FFEB-4CAC-8A8F-1D4AC066E030}.Debug-Remote|Any CPU.Build.0 = Debug|Any CPU
		{4282D107-FFEB-4CAC-8A8F-1D4AC066E030}.Debug-Remote|Any CPU.Deploy.0 = Debug|Any CPU
		{4282D107-FFEB-4CAC-8A8F-1D4AC066E030}.Release|Any CPU.ActiveCfg = Release|Any CPU
		{4282D107-FFEB-4CAC-8A8F-1D4AC066E030}.Release|Any CPU.Build.0 = Release|Any CPU
		{4282D107-FFEB-4CAC-8A8F-1D4AC066E030}.Release|Any CPU.Deploy.0 = Release|Any CPU
		{4282D107-FFEB-4CAC-8A8F-1D4AC066E030}.Release-Pkg|Any CPU.ActiveCfg = Release|Any CPU
		{4282D107-FFEB-4CAC-8A8F-1D4AC066E030}.Release-Pkg|Any CPU.Build.0 = Release|Any CPU
		{4282D107-FFEB-4CAC-8A8F-1D4AC066E030}.Release-Pkg|Any CPU.Deploy.0 = Release|Any CPU
		{4282D107-FFEB-4CAC-8A8F-1D4AC066E030}.Release-Remote|Any CPU.ActiveCfg = Release|Any CPU
		{4282D107-FFEB-4CAC-8A8F-1D4AC066E030}.Release-Remote|Any CPU.Build.0 = Release|Any CPU
		{4282D107-FFEB-4CAC-8A8F-1D4AC066E030}.Release-Remote|Any CPU.Deploy.0 = Release|Any CPU
		{A8CA0B9F-CE65-41CE-841B-E9EE8264CA50}.Debug|Any CPU.ActiveCfg = Debug-Pkg|Any CPU
		{A8CA0B9F-CE65-41CE-841B-E9EE8264CA50}.Debug|Any CPU.Build.0 = Debug-Pkg|Any CPU
		{A8CA0B9F-CE65-41CE-841B-E9EE8264CA50}.Debug-Pkg|Any CPU.ActiveCfg = Debug-Pkg|Any CPU
		{A8CA0B9F-CE65-41CE-841B-E9EE8264CA50}.Debug-Pkg|Any CPU.Build.0 = Debug-Pkg|Any CPU
		{A8CA0B9F-CE65-41CE-841B-E9EE8264CA50}.Debug-Remote|Any CPU.ActiveCfg = Debug-Remote|Any CPU
		{A8CA0B9F-CE65-41CE-841B-E9EE8264CA50}.Debug-Remote|Any CPU.Build.0 = Debug-Remote|Any CPU
		{A8CA0B9F-CE65-41CE-841B-E9EE8264CA50}.Release|Any CPU.ActiveCfg = Release-Pkg|Any CPU
		{A8CA0B9F-CE65-41CE-841B-E9EE8264CA50}.Release|Any CPU.Build.0 = Release-Pkg|Any CPU
		{A8CA0B9F-CE65-41CE-841B-E9EE8264CA50}.Release-Pkg|Any CPU.ActiveCfg = Release-Pkg|Any CPU
		{A8CA0B9F-CE65-41CE-841B-E9EE8264CA50}.Release-Pkg|Any CPU.Build.0 = Release-Pkg|Any CPU
		{A8CA0B9F-CE65-41CE-841B-E9EE8264CA50}.Release-Remote|Any CPU.ActiveCfg = Release-Remote|Any CPU
		{A8CA0B9F-CE65-41CE-841B-E9EE8264CA50}.Release-Remote|Any CPU.Build.0 = Release-Remote|Any CPU
	EndGlobalSection
	GlobalSection(SolutionProperties) = preSolution
		HideSolutionNode = FALSE
	EndGlobalSection
	GlobalSection(ExtensibilityGlobals) = postSolution
		SolutionGuid = {61F7FB11-1E47-470C-91E2-47F8143E1572}
	EndGlobalSection
EndGlobal
